<?xml version="1.0" encoding="utf-8"?>
<Project ToolsVersion="4.0" xmlns="http://schemas.microsoft.com/developer/msbuild/2003">
  <ItemGroup>
    <ClCompile Include="src\main.cpp">
      <Filter>src</Filter>
    </ClCompile>
    <ClCompile Include="src\BoxButton.cpp">
      <Filter>src</Filter>
    </ClCompile>
    <ClCompile Include="src\CalibrationView.cpp">
      <Filter>src</Filter>
    </ClCompile>
    <ClCompile Include="src\CBoxController.cpp">
      <Filter>src</Filter>
    </ClCompile>
    <ClCompile Include="src\CBoxView.cpp">
      <Filter>src</Filter>
    </ClCompile>
    <ClCompile Include="src\CLoopEditorView.cpp">
      <Filter>src</Filter>
    </ClCompile>
    <ClCompile Include="src\CMenuView.cpp">
      <Filter>src</Filter>
    </ClCompile>
    <ClCompile Include="src\CMenuViewController.cpp">
      <Filter>src</Filter>
    </ClCompile>
    <ClCompile Include="src\CNavigationControlButtons.cpp">
      <Filter>src</Filter>
    </ClCompile>
    <ClCompile Include="src\CNavigationUIController.cpp">
      <Filter>src</Filter>
    </ClCompile>
    <ClCompile Include="src\COgreMain.cpp">
      <Filter>src</Filter>
    </ClCompile>
    <ClCompile Include="src\COgreThread.cpp">
      <Filter>src</Filter>
    </ClCompile>
    <ClCompile Include="src\Common.cpp">
      <Filter>src</Filter>
    </ClCompile>
    <ClCompile Include="src\ConfigFile.cpp">
      <Filter>src</Filter>
    </ClCompile>
    <ClCompile Include="src\ControlBoxButton.cpp">
      <Filter>src</Filter>
    </ClCompile>
    <ClCompile Include="src\CPluginLoader.cpp">
      <Filter>src</Filter>
    </ClCompile>
    <ClCompile Include="src\CStateManager.cpp">
      <Filter>src</Filter>
    </ClCompile>
    <ClCompile Include="src\CVisualThemesView.cpp">
      <Filter>src</Filter>
    </ClCompile>
    <ClCompile Include="src\CWorld.cpp">
      <Filter>src</Filter>
    </ClCompile>
    <ClCompile Include="src\DataPool.cpp">
      <Filter>src</Filter>
    </ClCompile>
    <ClCompile Include="src\EQView.cpp">
      <Filter>src</Filter>
    </ClCompile>
    <ClCompile Include="src\Interface.cpp">
      <Filter>src</Filter>
    </ClCompile>
    <ClCompile Include="src\KinectData.cpp">
      <Filter>src</Filter>
    </ClCompile>
    <ClCompile Include="src\Log.cpp">
      <Filter>src</Filter>
    </ClCompile>
    <ClCompile Include="src\Particles.cpp">
      <Filter>src</Filter>
    </ClCompile>
    <ClCompile Include="src\PointView.cpp">
      <Filter>src</Filter>
    </ClCompile>
    <ClCompile Include="src\SnakeFish.cpp">
      <Filter>src</Filter>
    </ClCompile>
    <ClCompile Include="src\SonicOcean.cpp">
      <Filter>src</Filter>
    </ClCompile>
    <ClCompile Include="..\..\..\addons\ofxOpenNI\src\ofxOpenNI.cpp">
      <Filter>ofxOpenNI</Filter>
    </ClCompile>
    <ClCompile Include="..\..\..\addons\ofxOpenNI\src\ofxOpenNITypes.cpp">
      <Filter>ofxOpenNI</Filter>
    </ClCompile>
    <ClCompile Include="..\..\..\addons\ofxXmlSettings\libs\tinyxml.cpp">
      <Filter>ofxXml</Filter>
    </ClCompile>
    <ClCompile Include="..\..\..\addons\ofxXmlSettings\libs\tinyxmlerror.cpp">
      <Filter>ofxXml</Filter>
    </ClCompile>
    <ClCompile Include="..\..\..\addons\ofxXmlSettings\libs\tinyxmlparser.cpp">
      <Filter>ofxXml</Filter>
    </ClCompile>
    <ClCompile Include="..\..\..\addons\ofxXmlSettings\src\ofxXmlSettings.cpp">
      <Filter>ofxXml</Filter>
    </ClCompile>
    <ClCompile Include="src\CSongs.cpp">
      <Filter>src</Filter>
    </ClCompile>
  </ItemGroup>
  <ItemGroup>
    <Filter Include="src">
      <UniqueIdentifier>{d8376475-7454-4a24-b08a-aac121d3ad6f}</UniqueIdentifier>
    </Filter>
    <Filter Include="ofxOpenNI">
      <UniqueIdentifier>{a63a86e1-b70c-4ec6-83e7-9f9d7ae34f69}</UniqueIdentifier>
    </Filter>
    <Filter Include="ofxXml">
      <UniqueIdentifier>{fba66426-a734-4554-ab95-2093b0adb54e}</UniqueIdentifier>
    </Filter>
  </ItemGroup>
  <ItemGroup>
    <ClInclude Include="src\BoxButton.h">
      <Filter>src</Filter>
    </ClInclude>
    <ClInclude Include="src\CalibrationView.h">
      <Filter>src</Filter>
    </ClInclude>
    <ClInclude Include="src\CBoxController.h">
      <Filter>src</Filter>
    </ClInclude>
    <ClInclude Include="src\CBoxView.h">
      <Filter>src</Filter>
    </ClInclude>
    <ClInclude Include="src\CLoopEditorView.h">
      <Filter>src</Filter>
    </ClInclude>
    <ClInclude Include="src\CMenuView.h">
      <Filter>src</Filter>
    </ClInclude>
    <ClInclude Include="src\CMenuViewController.h">
      <Filter>src</Filter>
    </ClInclude>
    <ClInclude Include="src\CNavigationControlButtons.h">
      <Filter>src</Filter>
    </ClInclude>
    <ClInclude Include="src\CNavigationUIButtons.h">
      <Filter>src</Filter>
    </ClInclude>
    <ClInclude Include="src\CNavigationUIController.h">
      <Filter>src</Filter>
    </ClInclude>
    <ClInclude Include="src\COgreMain.h">
      <Filter>src</Filter>
    </ClInclude>
    <ClInclude Include="src\COgreThread.h">
      <Filter>src</Filter>
    </ClInclude>
    <ClInclude Include="src\Common.h">
      <Filter>src</Filter>
    </ClInclude>
    <ClInclude Include="src\ConfigFile.h">
      <Filter>src</Filter>
    </ClInclude>
    <ClInclude Include="src\ControlBoxButton.h">
      <Filter>src</Filter>
    </ClInclude>
    <ClInclude Include="src\CPluginLoader.h">
      <Filter>src</Filter>
    </ClInclude>
    <ClInclude Include="src\CStateManager.h">
      <Filter>src</Filter>
    </ClInclude>
    <ClInclude Include="src\CVisualThemesView.h">
      <Filter>src</Filter>
    </ClInclude>
    <ClInclude Include="src\CWindow_Base.h">
      <Filter>src</Filter>
    </ClInclude>
    <ClInclude Include="src\CWorld.h">
      <Filter>src</Filter>
    </ClInclude>
    <ClInclude Include="src\DataPool.h">
      <Filter>src</Filter>
    </ClInclude>
    <ClInclude Include="src\Entity.h">
      <Filter>src</Filter>
    </ClInclude>
    <ClInclude Include="src\EQView.h">
      <Filter>src</Filter>
    </ClInclude>
    <ClInclude Include="src\Interface.h">
      <Filter>src</Filter>
    </ClInclude>
    <ClInclude Include="src\KinectData.h">
      <Filter>src</Filter>
    </ClInclude>
    <ClInclude Include="src\Log.h">
      <Filter>src</Filter>
    </ClInclude>
    <ClInclude Include="src\Particles.h">
      <Filter>src</Filter>
    </ClInclude>
    <ClInclude Include="src\PointView.h">
      <Filter>src</Filter>
    </ClInclude>
    <ClInclude Include="src\SnakeFish.h">
      <Filter>src</Filter>
    </ClInclude>
    <ClInclude Include="src\SonicOcean.h">
      <Filter>src</Filter>
    </ClInclude>
    <ClInclude Include="..\..\..\addons\ofxOpenNI\src\ofxOpenNI.h">
      <Filter>ofxOpenNI</Filter>
    </ClInclude>
    <ClInclude Include="..\..\..\addons\ofxOpenNI\src\ofxOpenNITypes.h">
      <Filter>ofxOpenNI</Filter>
    </ClInclude>
    <ClInclude Include="..\..\..\addons\ofxOpenNI\src\ofxOpenNIUtils.h">
      <Filter>ofxOpenNI</Filter>
    </ClInclude>
    <ClInclude Include="..\..\..\addons\ofxXmlSettings\libs\tinyxml.h">
      <Filter>ofxXml</Filter>
    </ClInclude>
    <ClInclude Include="..\..\..\addons\ofxXmlSettings\src\ofxXmlSettings.h">
      <Filter>ofxXml</Filter>
    </ClInclude>
    <ClInclude Include="src\CSongs.h">
      <Filter>src</Filter>
    </ClInclude>
  </ItemGroup>
</Project>