<?xml version="1.0" encoding="utf-8"?>
<Project ToolsVersion="4.0" xmlns="http://schemas.microsoft.com/developer/msbuild/2003">
  <ItemGroup>
    <ClCompile Include="src\BoxButton.cpp">
      <Filter>src</Filter>
    </ClCompile>
    <ClCompile Include="src\CalibrationView.cpp">
      <Filter>src</Filter>
    </ClCompile>
    <ClCompile Include="src\CBoxController.cpp">
      <Filter>src</Filter>
    </ClCompile>
    <ClCompile Include="src\CBoxView.cpp">
      <Filter>src</Filter>
    </ClCompile>
    <ClCompile Include="src\CLoopEditorView.cpp">
      <Filter>src</Filter>
    </ClCompile>
    <ClCompile Include="src\CMenuView.cpp">
      <Filter>src</Filter>
    </ClCompile>
    <ClCompile Include="src\CMenuViewController.cpp">
      <Filter>src</Filter>
    </ClCompile>
    <ClCompile Include="src\CNavigationControlButtons.cpp">
      <Filter>src</Filter>
    </ClCompile>
    <ClCompile Include="src\CNavigationUIController.cpp">
      <Filter>src</Filter>
    </ClCompile>
    <ClCompile Include="src\Common.cpp">
      <Filter>src</Filter>
    </ClCompile>
    <ClCompile Include="src\ConfigFile.cpp">
      <Filter>src</Filter>
    </ClCompile>
    <ClCompile Include="src\ControlBoxButton.cpp">
      <Filter>src</Filter>
    </ClCompile>
    <ClCompile Include="src\CStateManager.cpp">
      <Filter>src</Filter>
    </ClCompile>
    <ClCompile Include="src\CVisualThemesView.cpp">
      <Filter>src</Filter>
    </ClCompile>
    <ClCompile Include="src\CWorld.cpp">
      <Filter>src</Filter>
    </ClCompile>
    <ClCompile Include="src\DataPool.cpp">
      <Filter>src</Filter>
    </ClCompile>
    <ClCompile Include="src\EQView.cpp">
      <Filter>src</Filter>
    </ClCompile>
    <ClCompile Include="src\Interface.cpp">
      <Filter>src</Filter>
    </ClCompile>
    <ClCompile Include="src\KinectData.cpp">
      <Filter>src</Filter>
    </ClCompile>
    <ClCompile Include="src\main.cpp">
      <Filter>src</Filter>
    </ClCompile>
    <ClCompile Include="src\Particles.cpp">
      <Filter>src</Filter>
    </ClCompile>
    <ClCompile Include="src\PointView.cpp">
      <Filter>src</Filter>
    </ClCompile>
    <ClCompile Include="src\SnakeFish.cpp">
      <Filter>src</Filter>
    </ClCompile>
    <ClCompile Include="src\SonicOcean.cpp">
      <Filter>src</Filter>
    </ClCompile>
    <ClCompile Include="..\..\..\addons\ofxOpenNI\src\ofxDepthGenerator.cpp">
      <Filter>inc</Filter>
    </ClCompile>
    <ClCompile Include="..\..\..\addons\ofxOpenNI\src\ofxGestureGenerator.cpp">
      <Filter>inc</Filter>
    </ClCompile>
    <ClCompile Include="..\..\..\addons\ofxOpenNI\src\ofxHandGenerator.cpp">
      <Filter>inc</Filter>
    </ClCompile>
    <ClCompile Include="..\..\..\addons\ofxOpenNI\src\ofxHardwareDriver.cpp">
      <Filter>inc</Filter>
    </ClCompile>
    <ClCompile Include="..\..\..\addons\ofxOpenNI\src\ofxImageGenerator.cpp">
      <Filter>inc</Filter>
    </ClCompile>
    <ClCompile Include="..\..\..\addons\ofxOpenNI\src\ofxIRGenerator.cpp">
      <Filter>inc</Filter>
    </ClCompile>
    <ClCompile Include="..\..\..\addons\ofxOpenNI\src\ofxOpenNIContext.cpp">
      <Filter>inc</Filter>
    </ClCompile>
    <ClCompile Include="..\..\..\addons\ofxOpenNI\src\ofxOpenNIRecorder.cpp">
      <Filter>inc</Filter>
    </ClCompile>
    <ClCompile Include="..\..\..\addons\ofxOpenNI\src\ofxTrackedHand.cpp">
      <Filter>inc</Filter>
    </ClCompile>
    <ClCompile Include="..\..\..\addons\ofxOpenNI\src\ofxTrackedUser.cpp">
      <Filter>inc</Filter>
    </ClCompile>
    <ClCompile Include="..\..\..\addons\ofxOpenNI\src\ofxUserGenerator.cpp">
      <Filter>inc</Filter>
    </ClCompile>
    <ClCompile Include="..\..\..\addons\ofxXmlSettings\src\ofxXmlSettings.cpp">
      <Filter>inc</Filter>
    </ClCompile>
    <ClCompile Include="..\..\..\addons\ofxXmlSettings\libs\tinyxml.cpp">
      <Filter>inc</Filter>
    </ClCompile>
    <ClCompile Include="..\..\..\addons\ofxXmlSettings\libs\tinyxmlerror.cpp">
      <Filter>inc</Filter>
    </ClCompile>
    <ClCompile Include="..\..\..\addons\ofxXmlSettings\libs\tinyxmlparser.cpp">
      <Filter>inc</Filter>
    </ClCompile>
  </ItemGroup>
  <ItemGroup>
    <ClInclude Include="src\Interface.h">
      <Filter>src</Filter>
    </ClInclude>
    <ClInclude Include="src\BoxButton.h">
      <Filter>src</Filter>
    </ClInclude>
    <ClInclude Include="src\CalibrationView.h">
      <Filter>src</Filter>
    </ClInclude>
    <ClInclude Include="src\CBoxController.h">
      <Filter>src</Filter>
    </ClInclude>
    <ClInclude Include="src\CBoxView.h">
      <Filter>src</Filter>
    </ClInclude>
    <ClInclude Include="src\CLoopEditorView.h">
      <Filter>src</Filter>
    </ClInclude>
    <ClInclude Include="src\CMenuView.h">
      <Filter>src</Filter>
    </ClInclude>
    <ClInclude Include="src\CMenuViewController.h">
      <Filter>src</Filter>
    </ClInclude>
    <ClInclude Include="src\CNavigationControlButtons.h">
      <Filter>src</Filter>
    </ClInclude>
    <ClInclude Include="src\CNavigationUIButtons.h">
      <Filter>src</Filter>
    </ClInclude>
    <ClInclude Include="src\CNavigationUIController.h">
      <Filter>src</Filter>
    </ClInclude>
    <ClInclude Include="src\Common.h">
      <Filter>src</Filter>
    </ClInclude>
    <ClInclude Include="src\ConfigFile.h">
      <Filter>src</Filter>
    </ClInclude>
    <ClInclude Include="src\ControlBoxButton.h">
      <Filter>src</Filter>
    </ClInclude>
    <ClInclude Include="src\CStateManager.h">
      <Filter>src</Filter>
    </ClInclude>
    <ClInclude Include="src\CVisualThemesView.h">
      <Filter>src</Filter>
    </ClInclude>
    <ClInclude Include="src\CWindow_Base.h">
      <Filter>src</Filter>
    </ClInclude>
    <ClInclude Include="src\CWorld.h">
      <Filter>src</Filter>
    </ClInclude>
    <ClInclude Include="src\DataPool.h">
      <Filter>src</Filter>
    </ClInclude>
    <ClInclude Include="src\Entity.h">
      <Filter>src</Filter>
    </ClInclude>
    <ClInclude Include="src\EQView.h">
      <Filter>src</Filter>
    </ClInclude>
    <ClInclude Include="src\KinectData.h">
      <Filter>src</Filter>
    </ClInclude>
    <ClInclude Include="src\SonicOcean.h">
      <Filter>src</Filter>
    </ClInclude>
    <ClInclude Include="src\Particles.h">
      <Filter>src</Filter>
    </ClInclude>
    <ClInclude Include="src\PointView.h">
      <Filter>src</Filter>
    </ClInclude>
    <ClInclude Include="src\SnakeFish.h">
      <Filter>src</Filter>
    </ClInclude>
    <ClInclude Include="..\..\..\addons\ofxOpenNI\include\nite\XnVWaveDetector.h">
      <Filter>inc</Filter>
    </ClInclude>
    <ClInclude Include="..\..\..\addons\ofxOpenNI\include\openni\IXnNodeAllocator.h">
      <Filter>inc</Filter>
    </ClInclude>
    <ClInclude Include="..\..\..\addons\ofxOpenNI\src\ofxDepthGenerator.h">
      <Filter>inc</Filter>
    </ClInclude>
    <ClInclude Include="..\..\..\addons\ofxOpenNI\src\ofxGestureGenerator.h">
      <Filter>inc</Filter>
    </ClInclude>
    <ClInclude Include="..\..\..\addons\ofxOpenNI\src\ofxHandGenerator.h">
      <Filter>inc</Filter>
    </ClInclude>
    <ClInclude Include="..\..\..\addons\ofxOpenNI\src\ofxHardwareDriver.h">
      <Filter>inc</Filter>
    </ClInclude>
    <ClInclude Include="..\..\..\addons\ofxOpenNI\src\ofxImageGenerator.h">
      <Filter>inc</Filter>
    </ClInclude>
    <ClInclude Include="..\..\..\addons\ofxOpenNI\src\ofxIRGenerator.h">
      <Filter>inc</Filter>
    </ClInclude>
    <ClInclude Include="..\..\..\addons\ofxOpenNI\src\ofxOpenNI.h">
      <Filter>inc</Filter>
    </ClInclude>
    <ClInclude Include="..\..\..\addons\ofxOpenNI\src\ofxOpenNIContext.h">
      <Filter>inc</Filter>
    </ClInclude>
    <ClInclude Include="..\..\..\addons\ofxOpenNI\src\ofxOpenNIMacros.h">
      <Filter>inc</Filter>
    </ClInclude>
    <ClInclude Include="..\..\..\addons\ofxOpenNI\src\ofxOpenNIRecorder.h">
      <Filter>inc</Filter>
    </ClInclude>
    <ClInclude Include="..\..\..\addons\ofxOpenNI\src\ofxTrackedHand.h">
      <Filter>inc</Filter>
    </ClInclude>
    <ClInclude Include="..\..\..\addons\ofxOpenNI\src\ofxTrackedUser.h">
      <Filter>inc</Filter>
    </ClInclude>
    <ClInclude Include="..\..\..\addons\ofxOpenNI\src\ofxUserGenerator.h">
      <Filter>inc</Filter>
    </ClInclude>
    <ClInclude Include="..\..\..\addons\ofxXmlSettings\src\ofxXmlSettings.h">
      <Filter>inc</Filter>
    </ClInclude>
    <ClInclude Include="..\..\..\addons\ofxXmlSettings\libs\tinyxml.h">
      <Filter>inc</Filter>
    </ClInclude>
    <ClInclude Include="..\..\..\addons\ofxOpenNI\include\openni\Win32\usb100.h">
      <Filter>inc</Filter>
    </ClInclude>
    <ClInclude Include="..\..\..\addons\ofxOpenNI\include\openni\XnAlgorithms.h">
      <Filter>inc</Filter>
    </ClInclude>
    <ClInclude Include="..\..\..\addons\ofxOpenNI\include\openni\XnArray.h">
      <Filter>inc</Filter>
    </ClInclude>
    <ClInclude Include="..\..\..\addons\ofxOpenNI\include\openni\XnBaseNode.h">
      <Filter>inc</Filter>
    </ClInclude>
    <ClInclude Include="..\..\..\addons\ofxOpenNI\include\openni\XnBitSet.h">
      <Filter>inc</Filter>
    </ClInclude>
    <ClInclude Include="..\..\..\addons\ofxOpenNI\include\openni\XnCallback.h">
      <Filter>inc</Filter>
    </ClInclude>
    <ClInclude Include="..\..\..\addons\ofxOpenNI\include\openni\XnCodecIDs.h">
      <Filter>inc</Filter>
    </ClInclude>
    <ClInclude Include="..\..\..\addons\ofxOpenNI\include\nite\XnCommon.h">
      <Filter>inc</Filter>
    </ClInclude>
    <ClInclude Include="..\..\..\addons\ofxOpenNI\include\openni\XnContext.h">
      <Filter>inc</Filter>
    </ClInclude>
    <ClInclude Include="..\..\..\addons\ofxOpenNI\include\openni\XnCppWrapper.h">
      <Filter>inc</Filter>
    </ClInclude>
    <ClInclude Include="..\..\..\addons\ofxOpenNI\include\openni\XnDataTypes.h">
      <Filter>inc</Filter>
    </ClInclude>
    <ClInclude Include="..\..\..\addons\ofxOpenNI\include\openni\XnDerivedCast.h">
      <Filter>inc</Filter>
    </ClInclude>
    <ClInclude Include="..\..\..\addons\ofxOpenNI\include\openni\XnDump.h">
      <Filter>inc</Filter>
    </ClInclude>
    <ClInclude Include="..\..\..\addons\ofxOpenNI\include\openni\XnDumpWriters.h">
      <Filter>inc</Filter>
    </ClInclude>
    <ClInclude Include="..\..\..\addons\ofxOpenNI\include\openni\XnEnumerationErrors.h">
      <Filter>inc</Filter>
    </ClInclude>
    <ClInclude Include="..\..\..\addons\ofxOpenNI\include\openni\XnEvent.h">
      <Filter>inc</Filter>
    </ClInclude>
    <ClInclude Include="..\..\..\addons\ofxOpenNI\include\openni\XnFPSCalculator.h">
      <Filter>inc</Filter>
    </ClInclude>
    <ClInclude Include="..\..\..\addons\ofxOpenNI\include\openni\XnGeneralBuffer.h">
      <Filter>inc</Filter>
    </ClInclude>
    <ClInclude Include="..\..\..\addons\ofxOpenNI\include\openni\XnHash.h">
      <Filter>inc</Filter>
    </ClInclude>
    <ClInclude Include="..\..\..\addons\ofxOpenNI\include\openni\XnInternalDefs.h">
      <Filter>inc</Filter>
    </ClInclude>
    <ClInclude Include="..\..\..\addons\ofxOpenNI\include\openni\XnLicensing.h">
      <Filter>inc</Filter>
    </ClInclude>
    <ClInclude Include="..\..\..\addons\ofxOpenNI\include\openni\XnList.h">
      <Filter>inc</Filter>
    </ClInclude>
    <ClInclude Include="..\..\..\addons\ofxOpenNI\include\openni\XnLog.h">
      <Filter>inc</Filter>
    </ClInclude>
    <ClInclude Include="..\..\..\addons\ofxOpenNI\include\openni\XnLogTypes.h">
      <Filter>inc</Filter>
    </ClInclude>
    <ClInclude Include="..\..\..\addons\ofxOpenNI\include\openni\XnLogWriterBase.h">
      <Filter>inc</Filter>
    </ClInclude>
    <ClInclude Include="..\..\..\addons\ofxOpenNI\include\openni\XnMacros.h">
      <Filter>inc</Filter>
    </ClInclude>
    <ClInclude Include="..\..\..\addons\ofxOpenNI\include\openni\XnModuleCFunctions.h">
      <Filter>inc</Filter>
    </ClInclude>
    <ClInclude Include="..\..\..\addons\ofxOpenNI\include\openni\XnModuleCppInterface.h">
      <Filter>inc</Filter>
    </ClInclude>
    <ClInclude Include="..\..\..\addons\ofxOpenNI\include\openni\XnModuleCppRegistratration.h">
      <Filter>inc</Filter>
    </ClInclude>
    <ClInclude Include="..\..\..\addons\ofxOpenNI\include\openni\XnModuleInterface.h">
      <Filter>inc</Filter>
    </ClInclude>
    <ClInclude Include="..\..\..\addons\ofxOpenNI\include\openni\XnNode.h">
      <Filter>inc</Filter>
    </ClInclude>
    <ClInclude Include="..\..\..\addons\ofxOpenNI\include\openni\XnNodeAllocator.h">
      <Filter>inc</Filter>
    </ClInclude>
    <ClInclude Include="..\..\..\addons\ofxOpenNI\include\openni\XnOpenNI.h">
      <Filter>inc</Filter>
    </ClInclude>
    <ClInclude Include="..\..\..\addons\ofxOpenNI\include\openni\XnOS.h">
      <Filter>inc</Filter>
    </ClInclude>
    <ClInclude Include="..\..\..\addons\ofxOpenNI\include\openni\ARC\XnOSARC.h">
      <Filter>inc</Filter>
    </ClInclude>
    <ClInclude Include="..\..\..\addons\ofxOpenNI\include\openni\XnOSCpp.h">
      <Filter>inc</Filter>
    </ClInclude>
    <ClInclude Include="..\..\..\addons\ofxOpenNI\include\openni\Linux-x86\XnOSLinux-x86.h">
      <Filter>inc</Filter>
    </ClInclude>
    <ClInclude Include="..\..\..\addons\ofxOpenNI\include\openni\XnOSMemory.h">
      <Filter>inc</Filter>
    </ClInclude>
    <ClInclude Include="..\..\..\addons\ofxOpenNI\include\openni\XnOSStrings.h">
      <Filter>inc</Filter>
    </ClInclude>
    <ClInclude Include="..\..\..\addons\ofxOpenNI\include\openni\Win32\XnOSWin32.h">
      <Filter>inc</Filter>
    </ClInclude>
    <ClInclude Include="..\..\..\addons\ofxOpenNI\include\openni\XnPlatform.h">
      <Filter>inc</Filter>
    </ClInclude>
    <ClInclude Include="..\..\..\addons\ofxOpenNI\include\openni\Android-Arm\XnPlatformAndroid-Arm.h">
      <Filter>inc</Filter>
    </ClInclude>
    <ClInclude Include="..\..\..\addons\ofxOpenNI\include\openni\ARC\XnPlatformARC.h">
      <Filter>inc</Filter>
    </ClInclude>
    <ClInclude Include="..\..\..\addons\ofxOpenNI\include\openni\Linux-Arm\XnPlatformLinux-Arm.h">
      <Filter>inc</Filter>
    </ClInclude>
    <ClInclude Include="..\..\..\addons\ofxOpenNI\include\openni\Linux-x86\XnPlatformLinux-x86.h">
      <Filter>inc</Filter>
    </ClInclude>
    <ClInclude Include="..\..\..\addons\ofxOpenNI\include\openni\MacOSX\XnPlatformMacOSX.h">
      <Filter>inc</Filter>
    </ClInclude>
    <ClInclude Include="..\..\..\addons\ofxOpenNI\include\openni\Win32\XnPlatformWin32.h">
      <Filter>inc</Filter>
    </ClInclude>
    <ClInclude Include="..\..\..\addons\ofxOpenNI\include\openni\XnPrdNode.h">
      <Filter>inc</Filter>
    </ClInclude>
    <ClInclude Include="..\..\..\addons\ofxOpenNI\include\openni\XnPrdNodeInfo.h">
      <Filter>inc</Filter>
    </ClInclude>
    <ClInclude Include="..\..\..\addons\ofxOpenNI\include\openni\XnPrdNodeInfoList.h">
      <Filter>inc</Filter>
    </ClInclude>
    <ClInclude Include="..\..\..\addons\ofxOpenNI\include\openni\XnProfiling.h">
      <Filter>inc</Filter>
    </ClInclude>
    <ClInclude Include="..\..\..\addons\ofxOpenNI\include\openni\XnPropNames.h">
      <Filter>inc</Filter>
    </ClInclude>
    <ClInclude Include="..\..\..\addons\ofxOpenNI\include\openni\XnQueries.h">
      <Filter>inc</Filter>
    </ClInclude>
    <ClInclude Include="..\..\..\addons\ofxOpenNI\include\openni\XnQueue.h">
      <Filter>inc</Filter>
    </ClInclude>
    <ClInclude Include="..\..\..\addons\ofxOpenNI\include\openni\XnScheduler.h">
      <Filter>inc</Filter>
    </ClInclude>
    <ClInclude Include="..\..\..\addons\ofxOpenNI\include\openni\XnStack.h">
      <Filter>inc</Filter>
    </ClInclude>
    <ClInclude Include="..\..\..\addons\ofxOpenNI\include\openni\XnStatus.h">
      <Filter>inc</Filter>
    </ClInclude>
    <ClInclude Include="..\..\..\addons\ofxOpenNI\include\openni\XnStatusCodes.h">
      <Filter>inc</Filter>
    </ClInclude>
    <ClInclude Include="..\..\..\addons\ofxOpenNI\include\openni\XnStatusRegister.h">
      <Filter>inc</Filter>
    </ClInclude>
    <ClInclude Include="..\..\..\addons\ofxOpenNI\include\openni\XnStringsHash.h">
      <Filter>inc</Filter>
    </ClInclude>
    <ClInclude Include="..\..\..\addons\ofxOpenNI\include\openni\XnThreadSafeQueue.h">
      <Filter>inc</Filter>
    </ClInclude>
    <ClInclude Include="..\..\..\addons\ofxOpenNI\include\openni\XnTypes.h">
      <Filter>inc</Filter>
    </ClInclude>
    <ClInclude Include="..\..\..\addons\ofxOpenNI\include\openni\XnUSB.h">
      <Filter>inc</Filter>
    </ClInclude>
    <ClInclude Include="..\..\..\addons\ofxOpenNI\include\openni\XnUSBDevice.h">
      <Filter>inc</Filter>
    </ClInclude>
    <ClInclude Include="..\..\..\addons\ofxOpenNI\include\openni\XnUtils.h">
      <Filter>inc</Filter>
    </ClInclude>
    <ClInclude Include="..\..\..\addons\ofxOpenNI\include\nite\XnV3DVector.h">
      <Filter>inc</Filter>
    </ClInclude>
    <ClInclude Include="..\..\..\addons\ofxOpenNI\include\nite\XnVActivationMessage.h">
      <Filter>inc</Filter>
    </ClInclude>
    <ClInclude Include="..\..\..\addons\ofxOpenNI\include\nite\XnVBroadcaster.h">
      <Filter>inc</Filter>
    </ClInclude>
    <ClInclude Include="..\..\..\addons\ofxOpenNI\include\nite\XnVCCMessage.h">
      <Filter>inc</Filter>
    </ClInclude>
    <ClInclude Include="..\..\..\addons\ofxOpenNI\include\nite\XnVCircle.h">
      <Filter>inc</Filter>
    </ClInclude>
    <ClInclude Include="..\..\..\addons\ofxOpenNI\include\nite\XnVCircleDetector.h">
      <Filter>inc</Filter>
    </ClInclude>
    <ClInclude Include="..\..\..\addons\ofxOpenNI\include\nite\XnVClickableVirtualPlane.h">
      <Filter>inc</Filter>
    </ClInclude>
    <ClInclude Include="..\..\..\addons\ofxOpenNI\include\nite\XnVComplexMessage.h">
      <Filter>inc</Filter>
    </ClInclude>
    <ClInclude Include="..\..\..\addons\ofxOpenNI\include\nite\XnVDepthControl.h">
      <Filter>inc</Filter>
    </ClInclude>
    <ClInclude Include="..\..\..\addons\ofxOpenNI\include\nite\XnVDepthGenerator.h">
      <Filter>inc</Filter>
    </ClInclude>
    <ClInclude Include="..\..\..\addons\ofxOpenNI\include\nite\XnVDepthMessage.h">
      <Filter>inc</Filter>
    </ClInclude>
    <ClInclude Include="..\..\..\addons\ofxOpenNI\include\nite\XnVDeviceControl.h">
      <Filter>inc</Filter>
    </ClInclude>
    <ClInclude Include="..\..\..\addons\ofxOpenNI\include\nite\XnVDeviceFilter.h">
      <Filter>inc</Filter>
    </ClInclude>
    <ClInclude Include="..\..\..\addons\ofxOpenNI\include\nite\XnVDeviceGenerator.h">
      <Filter>inc</Filter>
    </ClInclude>
    <ClInclude Include="..\..\..\addons\ofxOpenNI\include\nite\XnVDeviceMessage.h">
      <Filter>inc</Filter>
    </ClInclude>
    <ClInclude Include="..\..\..\addons\ofxOpenNI\include\nite\XnVDirection.h">
      <Filter>inc</Filter>
    </ClInclude>
    <ClInclude Include="..\..\..\addons\ofxOpenNI\include\openni\XnVersion.h">
      <Filter>inc</Filter>
    </ClInclude>
    <ClInclude Include="..\..\..\addons\ofxOpenNI\include\nite\XnVFilter.h">
      <Filter>inc</Filter>
    </ClInclude>
    <ClInclude Include="..\..\..\addons\ofxOpenNI\include\nite\XnVFlowRouter.h">
      <Filter>inc</Filter>
    </ClInclude>
    <ClInclude Include="..\..\..\addons\ofxOpenNI\include\nite\XnVGesture.h">
      <Filter>inc</Filter>
    </ClInclude>
    <ClInclude Include="..\..\..\addons\ofxOpenNI\include\nite\XnVHandle.h">
      <Filter>inc</Filter>
    </ClInclude>
    <ClInclude Include="..\..\..\addons\ofxOpenNI\include\nite\XnVHandPointContext.h">
      <Filter>inc</Filter>
    </ClInclude>
    <ClInclude Include="..\..\..\addons\ofxOpenNI\include\nite\XnVImageGenerator.h">
      <Filter>inc</Filter>
    </ClInclude>
    <ClInclude Include="..\..\..\addons\ofxOpenNI\include\nite\XnVImageMessage.h">
      <Filter>inc</Filter>
    </ClInclude>
    <ClInclude Include="..\..\..\addons\ofxOpenNI\include\nite\XnVMathCommon.h">
      <Filter>inc</Filter>
    </ClInclude>
    <ClInclude Include="..\..\..\addons\ofxOpenNI\include\nite\XnVMessage.h">
      <Filter>inc</Filter>
    </ClInclude>
    <ClInclude Include="..\..\..\addons\ofxOpenNI\include\nite\XnVMessageGenerator.h">
      <Filter>inc</Filter>
    </ClInclude>
    <ClInclude Include="..\..\..\addons\ofxOpenNI\include\nite\XnVMessageListener.h">
      <Filter>inc</Filter>
    </ClInclude>
    <ClInclude Include="..\..\..\addons\ofxOpenNI\include\nite\XnVMessageMux.h">
      <Filter>inc</Filter>
    </ClInclude>
    <ClInclude Include="..\..\..\addons\ofxOpenNI\include\nite\XnVMultiItemHysteresis1D.h">
      <Filter>inc</Filter>
    </ClInclude>
    <ClInclude Include="..\..\..\addons\ofxOpenNI\include\nite\XnVMultiItemHysteresis2D.h">
      <Filter>inc</Filter>
    </ClInclude>
    <ClInclude Include="..\..\..\addons\ofxOpenNI\include\nite\XnVMultipleHands.h">
      <Filter>inc</Filter>
    </ClInclude>
    <ClInclude Include="..\..\..\addons\ofxOpenNI\include\nite\XnVMultiProcessFlowClient.h">
      <Filter>inc</Filter>
    </ClInclude>
    <ClInclude Include="..\..\..\addons\ofxOpenNI\include\nite\XnVMultiProcessFlowServer.h">
      <Filter>inc</Filter>
    </ClInclude>
    <ClInclude Include="..\..\..\addons\ofxOpenNI\include\nite\XnVNite.h">
      <Filter>inc</Filter>
    </ClInclude>
    <ClInclude Include="..\..\..\addons\ofxOpenNI\include\nite\XnVNiteControls.h">
      <Filter>inc</Filter>
    </ClInclude>
    <ClInclude Include="..\..\..\addons\ofxOpenNI\include\nite\XnVNiteDefs.h">
      <Filter>inc</Filter>
    </ClInclude>
    <ClInclude Include="..\..\..\addons\ofxOpenNI\include\nite\XnVNiteFramework.h">
      <Filter>inc</Filter>
    </ClInclude>
    <ClInclude Include="..\..\..\addons\ofxOpenNI\include\nite\XnVNiteLog.h">
      <Filter>inc</Filter>
    </ClInclude>
    <ClInclude Include="..\..\..\addons\ofxOpenNI\include\nite\XnVNiteStatus.h">
      <Filter>inc</Filter>
    </ClInclude>
    <ClInclude Include="..\..\..\addons\ofxOpenNI\include\nite\XnVNiteVersion.h">
      <Filter>inc</Filter>
    </ClInclude>
    <ClInclude Include="..\..\..\addons\ofxOpenNI\include\nite\XnVPointArea.h">
      <Filter>inc</Filter>
    </ClInclude>
    <ClInclude Include="..\..\..\addons\ofxOpenNI\include\nite\XnVPointControl.h">
      <Filter>inc</Filter>
    </ClInclude>
    <ClInclude Include="..\..\..\addons\ofxOpenNI\include\nite\XnVPointDenoiser.h">
      <Filter>inc</Filter>
    </ClInclude>
    <ClInclude Include="..\..\..\addons\ofxOpenNI\include\nite\XnVPointFilter.h">
      <Filter>inc</Filter>
    </ClInclude>
    <ClInclude Include="..\..\..\addons\ofxOpenNI\include\nite\XnVPointMessage.h">
      <Filter>inc</Filter>
    </ClInclude>
    <ClInclude Include="..\..\..\addons\ofxOpenNI\include\nite\XnVPointTracker.h">
      <Filter>inc</Filter>
    </ClInclude>
    <ClInclude Include="..\..\..\addons\ofxOpenNI\include\nite\XnVPushDetector.h">
      <Filter>inc</Filter>
    </ClInclude>
    <ClInclude Include="..\..\..\addons\ofxOpenNI\include\nite\XnVSelectableSlider1D.h">
      <Filter>inc</Filter>
    </ClInclude>
    <ClInclude Include="..\..\..\addons\ofxOpenNI\include\nite\XnVSelectableSlider2D.h">
      <Filter>inc</Filter>
    </ClInclude>
    <ClInclude Include="..\..\..\addons\ofxOpenNI\include\nite\XnVSessionGenerator.h">
      <Filter>inc</Filter>
    </ClInclude>
    <ClInclude Include="..\..\..\addons\ofxOpenNI\include\nite\XnVSessionListener.h">
      <Filter>inc</Filter>
    </ClInclude>
    <ClInclude Include="..\..\..\addons\ofxOpenNI\include\nite\XnVSessionManager.h">
      <Filter>inc</Filter>
    </ClInclude>
    <ClInclude Include="..\..\..\addons\ofxOpenNI\include\nite\XnVSessionMessage.h">
      <Filter>inc</Filter>
    </ClInclude>
    <ClInclude Include="..\..\..\addons\ofxOpenNI\include\nite\XnVSlider1D.h">
      <Filter>inc</Filter>
    </ClInclude>
    <ClInclude Include="..\..\..\addons\ofxOpenNI\include\nite\XnVSlider2D.h">
      <Filter>inc</Filter>
    </ClInclude>
    <ClInclude Include="..\..\..\addons\ofxOpenNI\include\nite\XnVSlider3D.h">
      <Filter>inc</Filter>
    </ClInclude>
    <ClInclude Include="..\..\..\addons\ofxOpenNI\include\nite\XnVSteadyDetector.h">
      <Filter>inc</Filter>
    </ClInclude>
    <ClInclude Include="..\..\..\addons\ofxOpenNI\include\nite\XnVSwipeDetector.h">
      <Filter>inc</Filter>
    </ClInclude>
    <ClInclude Include="..\..\..\addons\ofxOpenNI\include\nite\XnVVirtualCoordinates.h">
      <Filter>inc</Filter>
    </ClInclude>
  </ItemGroup>
  <ItemGroup>
    <Filter Include="src">
      <UniqueIdentifier>{ffdcd795-4120-4c7f-9d78-8183194c432e}</UniqueIdentifier>
    </Filter>
    <Filter Include="inc">
      <UniqueIdentifier>{3784a0b2-d9c0-43d8-98f3-f413eeeae53a}</UniqueIdentifier>
    </Filter>
  </ItemGroup>
</Project>